
Microsoft Visual Studio Solution File, Format Version 12.00
# Visual Studio Version 17
VisualStudioVersion = 17.5.002.0
MinimumVisualStudioVersion = 10.0.40219.1
Project("{9A19103F-16F7-4668-BE54-9A1E7A4F7556}") = "itemdrop", "itemdrop.csproj", "{09677DED-5CD4-4663-A7DD-FF48AD5378A6}"
EndProject
Global
	GlobalSection(SolutionConfigurationPlatforms) = preSolution
		Debug|Any CPU = Debug|Any CPU
		Release|Any CPU = Release|Any CPU
	EndGlobalSection
	GlobalSection(ProjectConfigurationPlatforms) = postSolution
		{09677DED-5CD4-4663-A7DD-FF48AD5378A6}.Debug|Any CPU.ActiveCfg = Debug|Any CPU
		{09677DED-5CD4-4663-A7DD-FF48AD5378A6}.Debug|Any CPU.Build.0 = Debug|Any CPU
		{09677DED-5CD4-4663-A7DD-FF48AD5378A6}.Release|Any CPU.ActiveCfg = Release|Any CPU
		{09677DED-5CD4-4663-A7DD-FF48AD5378A6}.Release|Any CPU.Build.0 = Release|Any CPU
	EndGlobalSection
	GlobalSection(SolutionProperties) = preSolution
		HideSolutionNode = FALSE
	EndGlobalSection
	GlobalSection(ExtensibilityGlobals) = postSolution
		SolutionGuid = {301D1653-EBE7-40D8-9E84-B927F24B7224}
	EndGlobalSection
EndGlobal
